
Microsoft Visual Studio Solution File, Format Version 12.00
Project("{FAE04EC0-301F-11D3-BF4B-00C04F79EFBC}") = "SeleniumTest_Mishurin", "SeleniumTest_Mishurin\SeleniumTest_Mishurin.csproj", "{BCB588D4-E81D-4C57-93B0-A4EF16E9A731}"
EndProject
Global
	GlobalSection(SolutionConfigurationPlatforms) = preSolution
		Debug|Any CPU = Debug|Any CPU
		Release|Any CPU = Release|Any CPU
	EndGlobalSection
	GlobalSection(ProjectConfigurationPlatforms) = postSolution
		{BCB588D4-E81D-4C57-93B0-A4EF16E9A731}.Debug|Any CPU.ActiveCfg = Debug|Any CPU
		{BCB588D4-E81D-4C57-93B0-A4EF16E9A731}.Debug|Any CPU.Build.0 = Debug|Any CPU
		{BCB588D4-E81D-4C57-93B0-A4EF16E9A731}.Release|Any CPU.ActiveCfg = Release|Any CPU
		{BCB588D4-E81D-4C57-93B0-A4EF16E9A731}.Release|Any CPU.Build.0 = Release|Any CPU
	EndGlobalSection
EndGlobal
